// !$*UTF8*$!
{
	archiveVersion = 1;
	classes = {
	};
	objectVersion = 56;
	objects = {

/* Begin PBXBuildFile section */
		9F272E885C4904281F25AE27 /* HomeViewModel.swift in Sources */ = {isa = PBXBuildFile; fileRef = E1D5E3A1CD585296D200A899 /* HomeViewModel.swift */; };
		6A0799AF0FD9232E0D41E489 /* PreviewViewModel.swift in Sources */ = {isa = PBXBuildFile; fileRef = F11D42013B889B755BA9648E /* PreviewViewModel.swift */; };
		72FDBAB42978C86AD5624205 /* ThemeForgeApp.swift in Sources */ = {isa = PBXBuildFile; fileRef = 887E19EA5E2252BA76C15EE8 /* ThemeForgeApp.swift */; };
		8EF010CE793616D5E6F62B93 /* VSCodeThemeImporter.swift in Sources */ = {isa = PBXBuildFile; fileRef = A889BD68D0776CB96ED6EDAD /* VSCodeThemeImporter.swift */; };
		333C3A8F20E013197BC29848 /* XcodeThemeExporter.swift in Sources */ = {isa = PBXBuildFile; fileRef = 03E381855B482F4F14299257 /* XcodeThemeExporter.swift */; };
		C98B5E3B41666FC455C9973A /* ThemeConverter.swift in Sources */ = {isa = PBXBuildFile; fileRef = 34C41B596662850D5F79DE5B /* ThemeConverter.swift */; };
		B1472AFA0BE2C820784D04F2 /* ThemeColor.swift in Sources */ = {isa = PBXBuildFile; fileRef = D5DC993ADA458AA8FB8B40DC /* ThemeColor.swift */; };
		E85136A03DB20252EBE60672 /* Theme.swift in Sources */ = {isa = PBXBuildFile; fileRef = 1FB6D3FBC4B9E5E0ED0594D5 /* Theme.swift */; };
		6B7AA1D0287A44BD3D5B71E7 /* XMLWriter.swift in Sources */ = {isa = PBXBuildFile; fileRef = 69193A97FEA8A0A3C37AB18E /* XMLWriter.swift */; };
		F8BD928E81C776A463D17F1A /* ColorParser.swift in Sources */ = {isa = PBXBuildFile; fileRef = 4B5790970C5F8CF3829BB76A /* ColorParser.swift */; };
		577961628C0A0B2B1B4E076A /* PreviewEditor.swift in Sources */ = {isa = PBXBuildFile; fileRef = 00E9F4255CDDD1B3D68DD479 /* PreviewEditor.swift */; };
		809257F2C43B5BA2FB4CD112 /* ThemeCard.swift in Sources */ = {isa = PBXBuildFile; fileRef = B708A9C67390662EDB982B3B /* ThemeCard.swift */; };
		D35510EFCB75737409178482 /* HomeView.swift in Sources */ = {isa = PBXBuildFile; fileRef = 60022A94AED455B75C226575 /* HomeView.swift */; };
		6C4C7416D49018B1ED329602 /* SidebarView.swift in Sources */ = {isa = PBXBuildFile; fileRef = 50DDC937805AB05B6CDE3EA0 /* SidebarView.swift */; };
		532E0834EAACED595EF138B9 /* ImportView.swift in Sources */ = {isa = PBXBuildFile; fileRef = 82F9A4F6C2B17755AC3E2256 /* ImportView.swift */; };
		D37B89A925004FE574E7ADB3 /* ThemeExporter.swift in Sources */ = {isa = PBXBuildFile; fileRef = C59FF85A82763A7E207E9D08 /* ThemeExporter.swift */; };
		858E099CE7D9ECC42EDBE837 /* VSCodeMarketplaceService.swift in Sources */ = {isa = PBXBuildFile; fileRef = 06FBD3DEFEEF6686A57B106E /* VSCodeMarketplaceService.swift */; };
		EA7D586AB8F77D6EFB7ECFCF /* ThemeInstaller.swift in Sources */ = {isa = PBXBuildFile; fileRef = 4CAB3AB1FBCB7C38EF9490C0 /* ThemeInstaller.swift */; };
		A010306FC556BE45827BE016 /* Catppuccin.json in Resources */ = {isa = PBXBuildFile; fileRef = 64283A8578184C69EE233BFF /* Catppuccin.json */; };
		CE0717B9373E2937435871CF /* OneDark.json in Resources */ = {isa = PBXBuildFile; fileRef = D9BFDECFE3A448034549020C /* OneDark.json */; };
		30A87414F3B87200991D552C /* Dracula.json in Resources */ = {isa = PBXBuildFile; fileRef = 4C10DE0ECD70301223D8574F /* Dracula.json */; };
		975AB74F7A783A389FB79246 /* AppIcon.icns in Resources */ = {isa = PBXBuildFile; fileRef = E920C22195B6A8C1646163AC /* AppIcon.icns */; };
		0144FE1A7DB7AA8A55B49CD4 /* Nord.json in Resources */ = {isa = PBXBuildFile; fileRef = 0A6C2536BCBFA2546C485814 /* Nord.json */; };
		E60D081917648CD14E501A12 /* TokyoNight.json in Resources */ = {isa = PBXBuildFile; fileRef = 23953A6C7A902794A97715CD /* TokyoNight.json */; };
/* End PBXBuildFile section */

/* Begin PBXFileReference section */
		56D6BF137F19233FC5FF3593 /* Spectrum.app */ = {isa = PBXFileReference; explicitFileType = wrapper.application; includeInIndex = 0; path = Spectrum.app; sourceTree = BUILT_PRODUCTS_DIR; };
		E1D5E3A1CD585296D200A899 /* HomeViewModel.swift */ = {isa = PBXFileReference; fileEncoding = 4; lastKnownFileType = sourcecode.swift; path = "HomeViewModel.swift"; sourceTree = "<group>"; };
		F11D42013B889B755BA9648E /* PreviewViewModel.swift */ = {isa = PBXFileReference; fileEncoding = 4; lastKnownFileType = sourcecode.swift; path = "PreviewViewModel.swift"; sourceTree = "<group>"; };
		887E19EA5E2252BA76C15EE8 /* ThemeForgeApp.swift */ = {isa = PBXFileReference; fileEncoding = 4; lastKnownFileType = sourcecode.swift; path = "ThemeForgeApp.swift"; sourceTree = "<group>"; };
		A889BD68D0776CB96ED6EDAD /* VSCodeThemeImporter.swift */ = {isa = PBXFileReference; fileEncoding = 4; lastKnownFileType = sourcecode.swift; path = "VSCodeThemeImporter.swift"; sourceTree = "<group>"; };
		03E381855B482F4F14299257 /* XcodeThemeExporter.swift */ = {isa = PBXFileReference; fileEncoding = 4; lastKnownFileType = sourcecode.swift; path = "XcodeThemeExporter.swift"; sourceTree = "<group>"; };
		34C41B596662850D5F79DE5B /* ThemeConverter.swift */ = {isa = PBXFileReference; fileEncoding = 4; lastKnownFileType = sourcecode.swift; path = "ThemeConverter.swift"; sourceTree = "<group>"; };
		D5DC993ADA458AA8FB8B40DC /* ThemeColor.swift */ = {isa = PBXFileReference; fileEncoding = 4; lastKnownFileType = sourcecode.swift; path = "ThemeColor.swift"; sourceTree = "<group>"; };
		1FB6D3FBC4B9E5E0ED0594D5 /* Theme.swift */ = {isa = PBXFileReference; fileEncoding = 4; lastKnownFileType = sourcecode.swift; path = "Theme.swift"; sourceTree = "<group>"; };
		69193A97FEA8A0A3C37AB18E /* XMLWriter.swift */ = {isa = PBXFileReference; fileEncoding = 4; lastKnownFileType = sourcecode.swift; path = "XMLWriter.swift"; sourceTree = "<group>"; };
		4B5790970C5F8CF3829BB76A /* ColorParser.swift */ = {isa = PBXFileReference; fileEncoding = 4; lastKnownFileType = sourcecode.swift; path = "ColorParser.swift"; sourceTree = "<group>"; };
		00E9F4255CDDD1B3D68DD479 /* PreviewEditor.swift */ = {isa = PBXFileReference; fileEncoding = 4; lastKnownFileType = sourcecode.swift; path = "PreviewEditor.swift"; sourceTree = "<group>"; };
		B708A9C67390662EDB982B3B /* ThemeCard.swift */ = {isa = PBXFileReference; fileEncoding = 4; lastKnownFileType = sourcecode.swift; path = "ThemeCard.swift"; sourceTree = "<group>"; };
		60022A94AED455B75C226575 /* HomeView.swift */ = {isa = PBXFileReference; fileEncoding = 4; lastKnownFileType = sourcecode.swift; path = "HomeView.swift"; sourceTree = "<group>"; };
		50DDC937805AB05B6CDE3EA0 /* SidebarView.swift */ = {isa = PBXFileReference; fileEncoding = 4; lastKnownFileType = sourcecode.swift; path = "SidebarView.swift"; sourceTree = "<group>"; };
		82F9A4F6C2B17755AC3E2256 /* ImportView.swift */ = {isa = PBXFileReference; fileEncoding = 4; lastKnownFileType = sourcecode.swift; path = "ImportView.swift"; sourceTree = "<group>"; };
		C59FF85A82763A7E207E9D08 /* ThemeExporter.swift */ = {isa = PBXFileReference; fileEncoding = 4; lastKnownFileType = sourcecode.swift; path = "ThemeExporter.swift"; sourceTree = "<group>"; };
		06FBD3DEFEEF6686A57B106E /* VSCodeMarketplaceService.swift */ = {isa = PBXFileReference; fileEncoding = 4; lastKnownFileType = sourcecode.swift; path = "VSCodeMarketplaceService.swift"; sourceTree = "<group>"; };
		4CAB3AB1FBCB7C38EF9490C0 /* ThemeInstaller.swift */ = {isa = PBXFileReference; fileEncoding = 4; lastKnownFileType = sourcecode.swift; path = "ThemeInstaller.swift"; sourceTree = "<group>"; };
		64283A8578184C69EE233BFF /* Catppuccin.json */ = {isa = PBXFileReference; lastKnownFileType = text.json; path = "Catppuccin.json"; sourceTree = "<group>"; };
		D9BFDECFE3A448034549020C /* OneDark.json */ = {isa = PBXFileReference; lastKnownFileType = text.json; path = "OneDark.json"; sourceTree = "<group>"; };
		4C10DE0ECD70301223D8574F /* Dracula.json */ = {isa = PBXFileReference; lastKnownFileType = text.json; path = "Dracula.json"; sourceTree = "<group>"; };
		E920C22195B6A8C1646163AC /* AppIcon.icns */ = {isa = PBXFileReference; lastKnownFileType = image.icns; path = "AppIcon.icns"; sourceTree = "<group>"; };
		0A6C2536BCBFA2546C485814 /* Nord.json */ = {isa = PBXFileReference; lastKnownFileType = text.json; path = "Nord.json"; sourceTree = "<group>"; };
		23953A6C7A902794A97715CD /* TokyoNight.json */ = {isa = PBXFileReference; lastKnownFileType = text.json; path = "TokyoNight.json"; sourceTree = "<group>"; };
/* End PBXFileReference section */

/* Begin PBXFrameworksBuildPhase section */
		E941DA8187B32B086A8E8098 /* Frameworks */ = {
			isa = PBXFrameworksBuildPhase;
			buildActionMask = 2147483647;
			files = (
			);
			runOnlyForDeploymentPostprocessing = 0;
		};
/* End PBXFrameworksBuildPhase section */

/* Begin PBXGroup section */
		8F8F4C189B87527510D46ABE /* CustomTemplate */ = {
			isa = PBXGroup;
			children = (
				A2FF9BC57277E9FA2AA21C75,
				0EDE0228E9A7D89A61CD77AE,
				C73B4D468F70728CD949A1FF,
				1D0A6A6D9A5BA3CB20A83235,
				0F93DDFF263BBF545428E965,
				A1AF5AD3088A36FFF1D48418,
				EF22781981FB659C6C808413,
				4148E3734A08599A45B92D82,
				D76A3D17190E01256A526F32,
				8FDF4BD84CEFC8A52E4DF104,
				61E52A8379533381FB59B27D /* Products */,
			);
			sourceTree = "<group>";
		};
		61E52A8379533381FB59B27D /* Products */ = {
			isa = PBXGroup;
			children = (
				56D6BF137F19233FC5FF3593 /* ThemeForge.app */,
			);
			name = Products;
			sourceTree = "<group>";
		};
		A2FF9BC57277E9FA2AA21C75 /* App */ = {
			isa = PBXGroup;
			children = (
				887E19EA5E2252BA76C15EE8 /* ThemeForgeApp.swift */,
			);
			name = App;
			path = ThemeForge/App;
			sourceTree = "<group>";
		};
		0EDE0228E9A7D89A61CD77AE /* Models */ = {
			isa = PBXGroup;
			children = (
				D5DC993ADA458AA8FB8B40DC /* ThemeColor.swift */,
				1FB6D3FBC4B9E5E0ED0594D5 /* Theme.swift */,
			);
			name = Models;
			path = ThemeForge/Models;
			sourceTree = "<group>";
		};
		C73B4D468F70728CD949A1FF /* Importers */ = {
			isa = PBXGroup;
			children = (
				A889BD68D0776CB96ED6EDAD /* VSCodeThemeImporter.swift */,
			);
			name = Importers;
			path = ThemeForge/Importers;
			sourceTree = "<group>";
		};
		1D0A6A6D9A5BA3CB20A83235 /* Exporters */ = {
			isa = PBXGroup;
			children = (
				03E381855B482F4F14299257 /* XcodeThemeExporter.swift */,
			);
			name = Exporters;
			path = ThemeForge/Exporters;
			sourceTree = "<group>";
		};
		0F93DDFF263BBF545428E965 /* Converters */ = {
			isa = PBXGroup;
			children = (
				34C41B596662850D5F79DE5B /* ThemeConverter.swift */,
			);
			name = Converters;
			path = ThemeForge/Converters;
			sourceTree = "<group>";
		};
		A1AF5AD3088A36FFF1D48418 /* Services */ = {
			isa = PBXGroup;
			children = (
				C59FF85A82763A7E207E9D08 /* ThemeExporter.swift */,
				06FBD3DEFEEF6686A57B106E /* VSCodeMarketplaceService.swift */,
				4CAB3AB1FBCB7C38EF9490C0 /* ThemeInstaller.swift */,
			);
			name = Services;
			path = ThemeForge/Services;
			sourceTree = "<group>";
		};
		EF22781981FB659C6C808413 /* Utilities */ = {
			isa = PBXGroup;
			children = (
				69193A97FEA8A0A3C37AB18E /* XMLWriter.swift */,
				4B5790970C5F8CF3829BB76A /* ColorParser.swift */,
			);
			name = Utilities;
			path = ThemeForge/Utilities;
			sourceTree = "<group>";
		};
		4148E3734A08599A45B92D82 /* Resources */ = {
			isa = PBXGroup;
			children = (
				64283A8578184C69EE233BFF /* Catppuccin.json */,
				D9BFDECFE3A448034549020C /* OneDark.json */,
				4C10DE0ECD70301223D8574F /* Dracula.json */,
				E920C22195B6A8C1646163AC /* AppIcon.icns */,
				0A6C2536BCBFA2546C485814 /* Nord.json */,
				23953A6C7A902794A97715CD /* TokyoNight.json */,
			);
			name = Resources;
			path = ThemeForge/Resources;
			sourceTree = "<group>";
		};
		D76A3D17190E01256A526F32 /* ViewModels */ = {
			isa = PBXGroup;
			children = (
				E1D5E3A1CD585296D200A899 /* HomeViewModel.swift */,
				F11D42013B889B755BA9648E /* PreviewViewModel.swift */,
			);
			name = ViewModels;
			path = ThemeForge/ViewModels;
			sourceTree = "<group>";
		};
		8FDF4BD84CEFC8A52E4DF104 /* Views */ = {
			isa = PBXGroup;
			children = (
				00E9F4255CDDD1B3D68DD479 /* PreviewEditor.swift */,
				B708A9C67390662EDB982B3B /* ThemeCard.swift */,
				60022A94AED455B75C226575 /* HomeView.swift */,
				50DDC937805AB05B6CDE3EA0 /* SidebarView.swift */,
				82F9A4F6C2B17755AC3E2256 /* ImportView.swift */,
			);
			name = Views;
			path = ThemeForge/Views;
			sourceTree = "<group>";
		};
/* End PBXGroup section */

/* Begin PBXNativeTarget section */
		2A45A32BFE3AC1112CA98695 /* Spectrum */ = {
			isa = PBXNativeTarget;
			buildConfigurationList = 59D08FAC3ED334CCC706B8AF /* Build configuration list for PBXNativeTarget "Spectrum" */;
			buildPhases = (
				5B1B2B2ECB524BA8C71F3188 /* Sources */,
				E941DA8187B32B086A8E8098 /* Frameworks */,
				C5926192950FAB508AE8C163 /* Resources */,
			);
			buildRules = (
			);
			dependencies = (
			);
			name = Spectrum;
			productName = Spectrum;
			productReference = 56D6BF137F19233FC5FF3593 /* Spectrum.app */;
			productType = "com.apple.product-type.application";
		};
/* End PBXNativeTarget section */

/* Begin PBXProject section */
		4EBB3C1D32DC0DA851FD0DBB /* Project object */ = {
			isa = PBXProject;
			attributes = {
				BuildIndependentTargetsInParallel = 1;
				LastSwiftUpdateCheck = 1500;
				LastUpgradeCheck = 1500;
				TargetAttributes = {
					2A45A32BFE3AC1112CA98695 = {
						CreatedOnToolsVersion = 15.0;
						LastSwiftMigration = 1500;
					};
				};
			};
			buildConfigurationList = 945A56F5D4EFEF9EBF2BD4D8 /* Build configuration list for PBXProject "Spectrum" */;
			compatibilityVersion = "Xcode 14.0";
			developmentRegion = en;
			hasScannedForEncodings = 0;
			knownRegions = (
				en,
				Base,
			);
			mainGroup = 8F8F4C189B87527510D46ABE /* CustomTemplate */;
			productRefGroup = 61E52A8379533381FB59B27D /* Products */;
			projectDirPath = "";
			projectRoot = "";
			targets = (
				2A45A32BFE3AC1112CA98695 /* Spectrum */,
			);
		};
/* End PBXProject section */

/* Begin PBXResourcesBuildPhase section */
		C5926192950FAB508AE8C163 /* Resources */ = {
			isa = PBXResourcesBuildPhase;
			buildActionMask = 2147483647;
			files = (
				A010306FC556BE45827BE016 /* Catppuccin.json in Resources */,
				CE0717B9373E2937435871CF /* OneDark.json in Resources */,
				30A87414F3B87200991D552C /* Dracula.json in Resources */,
				975AB74F7A783A389FB79246 /* AppIcon.icns in Resources */,
				0144FE1A7DB7AA8A55B49CD4 /* Nord.json in Resources */,
				E60D081917648CD14E501A12 /* TokyoNight.json in Resources */,
			);
			runOnlyForDeploymentPostprocessing = 0;
		};
/* End PBXResourcesBuildPhase section */

/* Begin PBXSourcesBuildPhase section */
		5B1B2B2ECB524BA8C71F3188 /* Sources */ = {
			isa = PBXSourcesBuildPhase;
			buildActionMask = 2147483647;
			files = (
				9F272E885C4904281F25AE27 /* HomeViewModel.swift in Sources */,
				6A0799AF0FD9232E0D41E489 /* PreviewViewModel.swift in Sources */,
				72FDBAB42978C86AD5624205 /* ThemeForgeApp.swift in Sources */,
				8EF010CE793616D5E6F62B93 /* VSCodeThemeImporter.swift in Sources */,
				333C3A8F20E013197BC29848 /* XcodeThemeExporter.swift in Sources */,
				C98B5E3B41666FC455C9973A /* ThemeConverter.swift in Sources */,
				B1472AFA0BE2C820784D04F2 /* ThemeColor.swift in Sources */,
				E85136A03DB20252EBE60672 /* Theme.swift in Sources */,
				6B7AA1D0287A44BD3D5B71E7 /* XMLWriter.swift in Sources */,
				F8BD928E81C776A463D17F1A /* ColorParser.swift in Sources */,
				577961628C0A0B2B1B4E076A /* PreviewEditor.swift in Sources */,
				809257F2C43B5BA2FB4CD112 /* ThemeCard.swift in Sources */,
				D35510EFCB75737409178482 /* HomeView.swift in Sources */,
				6C4C7416D49018B1ED329602 /* SidebarView.swift in Sources */,
				532E0834EAACED595EF138B9 /* ImportView.swift in Sources */,
				D37B89A925004FE574E7ADB3 /* ThemeExporter.swift in Sources */,
				858E099CE7D9ECC42EDBE837 /* VSCodeMarketplaceService.swift in Sources */,
				EA7D586AB8F77D6EFB7ECFCF /* ThemeInstaller.swift in Sources */,
			);
			runOnlyForDeploymentPostprocessing = 0;
		};
/* End PBXSourcesBuildPhase section */

/* Begin XCBuildConfiguration section */
		59261EFC476A8B0E32E83DA2 /* Debug */ = {
			isa = XCBuildConfiguration;
			buildSettings = {
					ALWAYS_SEARCH_USER_PATHS = NO;
					CLANG_ANALYZER_NONNULL = YES;
					CLANG_ANALYZER_NUMBER_OBJECT_CONVERSION = YES_AGGRESSIVE;
					CLANG_CXX_LANGUAGE_STANDARD = "gnu++20";
					CLANG_ENABLE_MODULES = YES;
					CLANG_ENABLE_OBJC_ARC = YES;
					CLANG_ENABLE_OBJC_WEAK = YES;
					CLANG_WARN_BLOCK_CAPTURE_AUTORELEASING = YES;
					CLANG_WARN_BOOL_CONVERSION = YES;
					CLANG_WARN_COMMA = YES;
					CLANG_WARN_CONSTANT_CONVERSION = YES;
					CLANG_WARN_DEPRECATED_OBJC_IMPLEMENTATIONS = YES;
					CLANG_WARN_DIRECT_OBJC_RESERVED_IMPROPER_ACCESS = YES;
					CLANG_WARN_DOCUMENTATION_FILES = YES;
					CLANG_WARN_EMPTY_BODY = YES;
					CLANG_WARN_ENUM_CONVERSION = YES;
					CLANG_WARN_INFINITE_RECURSION = YES;
					CLANG_WARN_INT_CONVERSION = YES;
					CLANG_WARN_NON_LITERAL_NULL_CONVERSION = YES;
					CLANG_WARN_OBJC_IMPLICIT_RETAIN_SELF = YES;
					CLANG_WARN_OBJC_LITERAL_CONVERSION = YES;
					CLANG_WARN_OBJC_ROOT_CLASS = YES_ERROR;
					CLANG_WARN_QUOTED_INCLUDE_IN_FRAMEWORK_HEADER = YES;
					CLANG_WARN_RANGE_LOOP_ANALYSIS = YES;
					CLANG_WARN_STRICT_PROTOTYPES = YES;
					CLANG_WARN_SUSPICIOUS_MOVE = YES;
					CLANG_WARN_UNGUARDED_AVAILABILITY = YES_AGGRESSIVE;
					CLANG_WARN_UNREACHABLE_CODE = YES;
					COPY_PHASE_STRIP = NO;
					DEBUG_INFORMATION_FORMAT = dwarf;
					ENABLE_STRICT_OBJC_MSGSEND = YES;
					ENABLE_TESTABILITY = YES;
					GCC_C_LANGUAGE_STANDARD = gnu17;
					GCC_DYNAMIC_NO_PIC = NO;
					GCC_NO_COMMON_BLOCKS = YES;
					GCC_OPTIMIZATION_LEVEL = 0;
					GCC_PREPROCESSOR_DEFINITIONS = (
						"DEBUG=1",
						"$(inherited)",
					);
					GCC_WARN_64_TO_32_BIT_CONVERSION = YES;
					GCC_WARN_ABOUT_RETURN_TYPE = YES_ERROR;
					GCC_WARN_UNDECLARED_SELECTOR = YES;
					GCC_WARN_UNINITIALIZED_AUTOS = YES_AGGRESSIVE;
					GCC_WARN_UNUSED_FUNCTION = YES;
					GCC_WARN_UNUSED_VARIABLE = YES;
					MACOSX_DEPLOYMENT_TARGET = 15.0;
					MTL_ENABLE_DEBUG_INFO = INCLUDE_SOURCE;
					MTL_FAST_MATH = YES;
					ONLY_ACTIVE_ARCH = YES;
					SDKROOT = macosx;
					SWIFT_ACTIVE_COMPILATION_CONDITIONS = DEBUG;
					SWIFT_OPTIMIZATION_LEVEL = "-Onone";
				};
			name = Debug;
		};
		94833F6D31EDD7AD7A2DC7E4 /* Release */ = {
			isa = XCBuildConfiguration;
			buildSettings = {
					ALWAYS_SEARCH_USER_PATHS = NO;
					CLANG_ANALYZER_NONNULL = YES;
					CLANG_ANALYZER_NUMBER_OBJECT_CONVERSION = YES_AGGRESSIVE;
					CLANG_CXX_LANGUAGE_STANDARD = "gnu++20";
					CLANG_ENABLE_MODULES = YES;
					CLANG_ENABLE_OBJC_ARC = YES;
					CLANG_ENABLE_OBJC_WEAK = YES;
					CLANG_WARN_BLOCK_CAPTURE_AUTORELEASING = YES;
					CLANG_WARN_BOOL_CONVERSION = YES;
					CLANG_WARN_COMMA = YES;
					CLANG_WARN_CONSTANT_CONVERSION = YES;
					CLANG_WARN_DEPRECATED_OBJC_IMPLEMENTATIONS = YES;
					CLANG_WARN_DIRECT_OBJC_RESERVED_IMPROPER_ACCESS = YES;
					CLANG_WARN_DOCUMENTATION_FILES = YES;
					CLANG_WARN_EMPTY_BODY = YES;
					CLANG_WARN_ENUM_CONVERSION = YES;
					CLANG_WARN_INFINITE_RECURSION = YES;
					CLANG_WARN_INT_CONVERSION = YES;
					CLANG_WARN_NON_LITERAL_NULL_CONVERSION = YES;
					CLANG_WARN_OBJC_IMPLICIT_RETAIN_SELF = YES;
					CLANG_WARN_OBJC_LITERAL_CONVERSION = YES;
					CLANG_WARN_OBJC_ROOT_CLASS = YES_ERROR;
					CLANG_WARN_QUOTED_INCLUDE_IN_FRAMEWORK_HEADER = YES;
					CLANG_WARN_RANGE_LOOP_ANALYSIS = YES;
					CLANG_WARN_STRICT_PROTOTYPES = YES;
					CLANG_WARN_SUSPICIOUS_MOVE = YES;
					CLANG_WARN_UNGUARDED_AVAILABILITY = YES_AGGRESSIVE;
					CLANG_WARN_UNREACHABLE_CODE = YES;
					COPY_PHASE_STRIP = NO;
					DEBUG_INFORMATION_FORMAT = dwarf;
					ENABLE_STRICT_OBJC_MSGSEND = YES;
					ENABLE_TESTABILITY = YES;
					GCC_C_LANGUAGE_STANDARD = gnu17;
					GCC_DYNAMIC_NO_PIC = NO;
					GCC_NO_COMMON_BLOCKS = YES;
					GCC_OPTIMIZATION_LEVEL = s;
					GCC_PREPROCESSOR_DEFINITIONS = (
						"DEBUG=1",
						"$(inherited)",
					);
					GCC_WARN_64_TO_32_BIT_CONVERSION = YES;
					GCC_WARN_ABOUT_RETURN_TYPE = YES_ERROR;
					GCC_WARN_UNDECLARED_SELECTOR = YES;
					GCC_WARN_UNINITIALIZED_AUTOS = YES_AGGRESSIVE;
					GCC_WARN_UNUSED_FUNCTION = YES;
					GCC_WARN_UNUSED_VARIABLE = YES;
					MACOSX_DEPLOYMENT_TARGET = 15.0;
					MTL_ENABLE_DEBUG_INFO = INCLUDE_SOURCE;
					MTL_FAST_MATH = YES;
					ONLY_ACTIVE_ARCH = NO;
					SDKROOT = macosx;
					SWIFT_ACTIVE_COMPILATION_CONDITIONS = DEBUG;
					SWIFT_OPTIMIZATION_LEVEL = "-O";
				};
			name = Release;
		};
		B48E68C671731E226B0D5E42 /* Debug */ = {
			isa = XCBuildConfiguration;
			buildSettings = {
					ALWAYS_EMBED_SWIFT_STANDARD_LIBRARIES = YES;
					CODE_SIGN_STYLE = Automatic;
					COMBINE_HIDPI_IMAGES = YES;
					DEVELOPMENT_ASSET_PATHS = "";
					ENABLE_PREVIEWS = YES;
					GENERATE_INFOPLIST_FILE = NO;
					INFOPLIST_FILE = "ThemeForge/Resources/Info.plist";
					LD_RUNPATH_SEARCH_PATHS = (
						"$(inherited)",
						"@executable_path/../Frameworks",
					);
					MACOSX_DEPLOYMENT_TARGET = 15.0;
					PRODUCT_BUNDLE_IDENTIFIER = com.bhoomi.ThemeForge;
					PRODUCT_NAME = "$(TARGET_NAME)";
					SWIFT_VERSION = 6.0;
				};
			name = Debug;
		};
		20B39249436542D3033F45A4 /* Release */ = {
			isa = XCBuildConfiguration;
			buildSettings = {
					ALWAYS_EMBED_SWIFT_STANDARD_LIBRARIES = YES;
					CODE_SIGN_STYLE = Automatic;
					COMBINE_HIDPI_IMAGES = YES;
					DEVELOPMENT_ASSET_PATHS = "";
					ENABLE_PREVIEWS = YES;
					GENERATE_INFOPLIST_FILE = NO;
					INFOPLIST_FILE = "ThemeForge/Resources/Info.plist";
					LD_RUNPATH_SEARCH_PATHS = (
						"$(inherited)",
						"@executable_path/../Frameworks",
					);
					MACOSX_DEPLOYMENT_TARGET = 15.0;
					PRODUCT_BUNDLE_IDENTIFIER = com.bhoomi.ThemeForge;
					PRODUCT_NAME = "$(TARGET_NAME)";
					SWIFT_VERSION = 6.0;
				};
			name = Release;
		};
/* End XCBuildConfiguration section */

/* Begin XCConfigurationList section */
		945A56F5D4EFEF9EBF2BD4D8 /* Build configuration list for PBXProject "ThemeForge" */ = {
			isa = XCConfigurationList;
			buildConfigurations = (
				59261EFC476A8B0E32E83DA2 /* Debug */,
				94833F6D31EDD7AD7A2DC7E4 /* Release */,
			);
			defaultConfigurationIsVisible = 0;
			defaultConfigurationName = Release;
		};
		59D08FAC3ED334CCC706B8AF /* Build configuration list for PBXNativeTarget "ThemeForge" */ = {
			isa = XCConfigurationList;
			buildConfigurations = (
				B48E68C671731E226B0D5E42 /* Debug */,
				20B39249436542D3033F45A4 /* Release */,
			);
			defaultConfigurationIsVisible = 0;
			defaultConfigurationName = Release;
		};
/* End XCConfigurationList section */
	};
	rootObject = 4EBB3C1D32DC0DA851FD0DBB /* Project object */;
}
